
Microsoft Visual Studio Solution File, Format Version 12.00
# Visual Studio Version 17
VisualStudioVersion = 17.12.35521.163
MinimumVisualStudioVersion = 10.0.40219.1
Project("{FAE04EC0-301F-11D3-BF4B-00C04F79EFBC}") = "Lab_7.1", "Lab_7.1\Lab_7.1.csproj", "{702D54C7-9563-4916-A02A-3CAFDF1025A5}"
EndProject
Project("{FAE04EC0-301F-11D3-BF4B-00C04F79EFBC}") = "TestProject1", "TestProject1\TestProject1.csproj", "{B743D487-5DBF-442B-9863-FA552BB01998}"
EndProject
Global
	GlobalSection(SolutionConfigurationPlatforms) = preSolution
		Debug|Any CPU = Debug|Any CPU
		Release|Any CPU = Release|Any CPU
	EndGlobalSection
	GlobalSection(ProjectConfigurationPlatforms) = postSolution
		{702D54C7-9563-4916-A02A-3CAFDF1025A5}.Debug|Any CPU.ActiveCfg = Debug|Any CPU
		{702D54C7-9563-4916-A02A-3CAFDF1025A5}.Debug|Any CPU.Build.0 = Debug|Any CPU
		{702D54C7-9563-4916-A02A-3CAFDF1025A5}.Release|Any CPU.ActiveCfg = Release|Any CPU
		{702D54C7-9563-4916-A02A-3CAFDF1025A5}.Release|Any CPU.Build.0 = Release|Any CPU
		{B743D487-5DBF-442B-9863-FA552BB01998}.Debug|Any CPU.ActiveCfg = Debug|Any CPU
		{B743D487-5DBF-442B-9863-FA552BB01998}.Debug|Any CPU.Build.0 = Debug|Any CPU
		{B743D487-5DBF-442B-9863-FA552BB01998}.Release|Any CPU.ActiveCfg = Release|Any CPU
		{B743D487-5DBF-442B-9863-FA552BB01998}.Release|Any CPU.Build.0 = Release|Any CPU
	EndGlobalSection
	GlobalSection(SolutionProperties) = preSolution
		HideSolutionNode = FALSE
	EndGlobalSection
EndGlobal
